
Microsoft Visual Studio Solution File, Format Version 12.00
# Visual Studio Version 17
VisualStudioVersion = 17.2.32519.379
MinimumVisualStudioVersion = 10.0.40219.1
Project("{9A19103F-16F7-4668-BE54-9A1E7A4F7556}") = "TCMPLApp.WebApp", "TCMPLApp.WebApp\TCMPLApp.WebApp.csproj", "{7368EB96-12DF-4261-90E8-1EE4CD3F0F3B}"
EndProject
Project("{9A19103F-16F7-4668-BE54-9A1E7A4F7556}") = "TCMPLApp.DataAccess", "TCMPLApp.DataAccess\TCMPLApp.DataAccess.csproj", "{9E2C2910-BAE8-485F-8CD7-2CDB99CB8926}"
EndProject
Project("{9A19103F-16F7-4668-BE54-9A1E7A4F7556}") = "TCMPLApp.Domain", "TCMPLApp.Domain\TCMPLApp.Domain.csproj", "{B4418BFA-DA39-4EE8-8A83-C04B47577D9B}"
EndProject
Global
	GlobalSection(SolutionConfigurationPlatforms) = preSolution
		Debug|Any CPU = Debug|Any CPU
		Release|Any CPU = Release|Any CPU
	EndGlobalSection
	GlobalSection(ProjectConfigurationPlatforms) = postSolution
		{7368EB96-12DF-4261-90E8-1EE4CD3F0F3B}.Debug|Any CPU.ActiveCfg = Debug|Any CPU
		{7368EB96-12DF-4261-90E8-1EE4CD3F0F3B}.Debug|Any CPU.Build.0 = Debug|Any CPU
		{7368EB96-12DF-4261-90E8-1EE4CD3F0F3B}.Release|Any CPU.ActiveCfg = Release|Any CPU
		{7368EB96-12DF-4261-90E8-1EE4CD3F0F3B}.Release|Any CPU.Build.0 = Release|Any CPU
		{9E2C2910-BAE8-485F-8CD7-2CDB99CB8926}.Debug|Any CPU.ActiveCfg = Debug|Any CPU
		{9E2C2910-BAE8-485F-8CD7-2CDB99CB8926}.Debug|Any CPU.Build.0 = Debug|Any CPU
		{9E2C2910-BAE8-485F-8CD7-2CDB99CB8926}.Release|Any CPU.ActiveCfg = Release|Any CPU
		{9E2C2910-BAE8-485F-8CD7-2CDB99CB8926}.Release|Any CPU.Build.0 = Release|Any CPU
		{B4418BFA-DA39-4EE8-8A83-C04B47577D9B}.Debug|Any CPU.ActiveCfg = Debug|Any CPU
		{B4418BFA-DA39-4EE8-8A83-C04B47577D9B}.Debug|Any CPU.Build.0 = Debug|Any CPU
		{B4418BFA-DA39-4EE8-8A83-C04B47577D9B}.Release|Any CPU.ActiveCfg = Release|Any CPU
		{B4418BFA-DA39-4EE8-8A83-C04B47577D9B}.Release|Any CPU.Build.0 = Release|Any CPU
	EndGlobalSection
	GlobalSection(SolutionProperties) = preSolution
		HideSolutionNode = FALSE
	EndGlobalSection
	GlobalSection(ExtensibilityGlobals) = postSolution
		SolutionGuid = {F6984D16-33E0-4478-AE86-ADF97612943C}
	EndGlobalSection
EndGlobal
